Microsoft Visual Studio Solution File, Format Version 12.00
# Visual Studio 2013
VisualStudioVersion = 12.0.21005.1
MinimumVisualStudioVersion = 10.0.40219.1
Project("{2150E333-8FDC-42A3-9474-1A3956D46DE8}") = "01 EKP.Infrastructure", "01 EKP.Infrastructure", "{EC01D72E-651D-45BA-9B8F-CAED1FA3EB08}"
EndProject
Project("{2150E333-8FDC-42A3-9474-1A3956D46DE8}") = "04 EKP.App", "04 EKP.App", "{1BFADA45-DBDB-4284-B7E0-B01CD5D77F31}"
EndProject
Project("{2150E333-8FDC-42A3-9474-1A3956D46DE8}") = "02 EKP.Domain", "02 EKP.Domain", "{FAECD843-A671-4D20-8E5E-54FA866102F7}"
EndProject
Project("{FAE04EC0-301F-11D3-BF4B-00C04F79EFBC}") = "EKP.Service", "EKP.Service\EKP.Service.csproj", "{8A51148D-7E52-44C1-B1CB-EDFDF1A3FF37}"
EndProject
Project("{FAE04EC0-301F-11D3-BF4B-00C04F79EFBC}") = "Ge.Infrastructure", "Ge.Infrastructure\Ge.Infrastructure.csproj", "{8BF33434-48A9-464B-BFA7-D30F494AE5EC}"
EndProject
Project("{FAE04EC0-301F-11D3-BF4B-00C04F79EFBC}") = "Newtonsoft.Json2", "Newtonsoft.Json2\Newtonsoft.Json2.csproj", "{A9AE40FF-1A21-414A-9FE7-3BE13644CC6D}"
EndProject
Project("{FAE04EC0-301F-11D3-BF4B-00C04F79EFBC}") = "EKP.Repository.Ef", "EKP.Repository.Ef\EKP.Repository.Ef.csproj", "{E4AC2B24-094F-4645-B87E-5D380F7DBA09}"
EndProject
Project("{FAE04EC0-301F-11D3-BF4B-00C04F79EFBC}") = "EKP.Repository.Ado", "EKP.Repository.Ado\EKP.Repository.Ado.csproj", "{8A8CA0ED-E252-4A47-9682-E532C8A0EEC2}"
EndProject
Project("{FAE04EC0-301F-11D3-BF4B-00C04F79EFBC}") = "EKP.Service.Base.Ef", "EKP.Service.Base.Ef\EKP.Service.Base.Ef.csproj", "{9A58DFFC-8BB7-4192-A341-E5BFEB6A8BE6}"
EndProject
Project("{FAE04EC0-301F-11D3-BF4B-00C04F79EFBC}") = "EKP.Service.Base.Ado", "EKP.Service.Base.Ado\EKP.Service.Base.Ado.csproj", "{633B0067-ABA8-462B-8462-D205A5089AEC}"
EndProject
Project("{FAE04EC0-301F-11D3-BF4B-00C04F79EFBC}") = "EKP.Entity", "EKP.Entity\EKP.Entity.csproj", "{0DE8032D-B7EE-4378-B4E0-932435D5E770}"
EndProject
Project("{FAE04EC0-301F-11D3-BF4B-00C04F79EFBC}") = "Ge.Quartz", "Ge.Quartz\Ge.Quartz.csproj", "{8367F418-69FB-4545-A510-402B63BA7992}"
EndProject
Project("{2150E333-8FDC-42A3-9474-1A3956D46DE8}") = "03 EKP.Module", "03 EKP.Module", "{D6F65EC1-F026-4B64-A273-F180C0610489}"
EndProject
Project("{FAE04EC0-301F-11D3-BF4B-00C04F79EFBC}") = "EKP.Base", "EKP.Base\EKP.Base.csproj", "{D949F515-B294-4F4E-AF96-238EF92C2960}"
EndProject
Project("{FAE04EC0-301F-11D3-BF4B-00C04F79EFBC}") = "EKP.Front", "EKP.Front\EKP.Front.csproj", "{124E7570-F6ED-4BD3-8367-B4132E0971DF}"
EndProject
Project("{FAE04EC0-301F-11D3-BF4B-00C04F79EFBC}") = "EKP.Web.Start", "EKP.Web.Start\EKP.Web.Start.csproj", "{FB5EBE68-F18C-4145-979F-CAD7C515CC0D}"
EndProject
Project("{FAE04EC0-301F-11D3-BF4B-00C04F79EFBC}") = "EKP.Adm", "EKP.Adm\EKP.Adm.csproj", "{F107AC60-8E0D-49A0-AA1D-A1AA53986833}"
EndProject
Project("{FAE04EC0-301F-11D3-BF4B-00C04F79EFBC}") = "EKP.Web", "EKP.Web\EKP.Web.csproj", "{8F5B5E50-7A6B-42B6-9F76-720B093BA15A}"
EndProject
Project("{FAE04EC0-301F-11D3-BF4B-00C04F79EFBC}") = "EKP.Wechat", "EKP.Wechat\EKP.Wechat.csproj", "{62E1554A-A8ED-4DC1-A01D-807109A8293D}"
EndProject
Global
	GlobalSection(SolutionConfigurationPlatforms) = preSolution
		Debug|Any CPU = Debug|Any CPU
		Release|Any CPU = Release|Any CPU
	EndGlobalSection
	GlobalSection(ProjectConfigurationPlatforms) = postSolution
		{8A51148D-7E52-44C1-B1CB-EDFDF1A3FF37}.Debug|Any CPU.ActiveCfg = Debug|Any CPU
		{8A51148D-7E52-44C1-B1CB-EDFDF1A3FF37}.Debug|Any CPU.Build.0 = Debug|Any CPU
		{8A51148D-7E52-44C1-B1CB-EDFDF1A3FF37}.Release|Any CPU.ActiveCfg = Release|Any CPU
		{8A51148D-7E52-44C1-B1CB-EDFDF1A3FF37}.Release|Any CPU.Build.0 = Release|Any CPU
		{8BF33434-48A9-464B-BFA7-D30F494AE5EC}.Debug|Any CPU.ActiveCfg = Debug|Any CPU
		{8BF33434-48A9-464B-BFA7-D30F494AE5EC}.Debug|Any CPU.Build.0 = Debug|Any CPU
		{8BF33434-48A9-464B-BFA7-D30F494AE5EC}.Release|Any CPU.ActiveCfg = Release|Any CPU
		{8BF33434-48A9-464B-BFA7-D30F494AE5EC}.Release|Any CPU.Build.0 = Release|Any CPU
		{A9AE40FF-1A21-414A-9FE7-3BE13644CC6D}.Debug|Any CPU.ActiveCfg = Debug|Any CPU
		{A9AE40FF-1A21-414A-9FE7-3BE13644CC6D}.Debug|Any CPU.Build.0 = Debug|Any CPU
		{A9AE40FF-1A21-414A-9FE7-3BE13644CC6D}.Release|Any CPU.ActiveCfg = Release|Any CPU
		{A9AE40FF-1A21-414A-9FE7-3BE13644CC6D}.Release|Any CPU.Build.0 = Release|Any CPU
		{E4AC2B24-094F-4645-B87E-5D380F7DBA09}.Debug|Any CPU.ActiveCfg = Debug|Any CPU
		{E4AC2B24-094F-4645-B87E-5D380F7DBA09}.Debug|Any CPU.Build.0 = Debug|Any CPU
		{E4AC2B24-094F-4645-B87E-5D380F7DBA09}.Release|Any CPU.ActiveCfg = Release|Any CPU
		{E4AC2B24-094F-4645-B87E-5D380F7DBA09}.Release|Any CPU.Build.0 = Release|Any CPU
		{8A8CA0ED-E252-4A47-9682-E532C8A0EEC2}.Debug|Any CPU.ActiveCfg = Debug|Any CPU
		{8A8CA0ED-E252-4A47-9682-E532C8A0EEC2}.Debug|Any CPU.Build.0 = Debug|Any CPU
		{8A8CA0ED-E252-4A47-9682-E532C8A0EEC2}.Release|Any CPU.ActiveCfg = Release|Any CPU
		{8A8CA0ED-E252-4A47-9682-E532C8A0EEC2}.Release|Any CPU.Build.0 = Release|Any CPU
		{9A58DFFC-8BB7-4192-A341-E5BFEB6A8BE6}.Debug|Any CPU.ActiveCfg = Debug|Any CPU
		{9A58DFFC-8BB7-4192-A341-E5BFEB6A8BE6}.Debug|Any CPU.Build.0 = Debug|Any CPU
		{9A58DFFC-8BB7-4192-A341-E5BFEB6A8BE6}.Release|Any CPU.ActiveCfg = Release|Any CPU
		{9A58DFFC-8BB7-4192-A341-E5BFEB6A8BE6}.Release|Any CPU.Build.0 = Release|Any CPU
		{633B0067-ABA8-462B-8462-D205A5089AEC}.Debug|Any CPU.ActiveCfg = Debug|Any CPU
		{633B0067-ABA8-462B-8462-D205A5089AEC}.Debug|Any CPU.Build.0 = Debug|Any CPU
		{633B0067-ABA8-462B-8462-D205A5089AEC}.Release|Any CPU.ActiveCfg = Release|Any CPU
		{633B0067-ABA8-462B-8462-D205A5089AEC}.Release|Any CPU.Build.0 = Release|Any CPU
		{0DE8032D-B7EE-4378-B4E0-932435D5E770}.Debug|Any CPU.ActiveCfg = Debug|Any CPU
		{0DE8032D-B7EE-4378-B4E0-932435D5E770}.Debug|Any CPU.Build.0 = Debug|Any CPU
		{0DE8032D-B7EE-4378-B4E0-932435D5E770}.Release|Any CPU.ActiveCfg = Release|Any CPU
		{0DE8032D-B7EE-4378-B4E0-932435D5E770}.Release|Any CPU.Build.0 = Release|Any CPU
		{8367F418-69FB-4545-A510-402B63BA7992}.Debug|Any CPU.ActiveCfg = Debug|Any CPU
		{8367F418-69FB-4545-A510-402B63BA7992}.Debug|Any CPU.Build.0 = Debug|Any CPU
		{8367F418-69FB-4545-A510-402B63BA7992}.Release|Any CPU.ActiveCfg = Release|Any CPU
		{8367F418-69FB-4545-A510-402B63BA7992}.Release|Any CPU.Build.0 = Release|Any CPU
		{D949F515-B294-4F4E-AF96-238EF92C2960}.Debug|Any CPU.ActiveCfg = Debug|Any CPU
		{D949F515-B294-4F4E-AF96-238EF92C2960}.Debug|Any CPU.Build.0 = Debug|Any CPU
		{D949F515-B294-4F4E-AF96-238EF92C2960}.Release|Any CPU.ActiveCfg = Release|Any CPU
		{D949F515-B294-4F4E-AF96-238EF92C2960}.Release|Any CPU.Build.0 = Release|Any CPU
		{124E7570-F6ED-4BD3-8367-B4132E0971DF}.Debug|Any CPU.ActiveCfg = Debug|Any CPU
		{124E7570-F6ED-4BD3-8367-B4132E0971DF}.Debug|Any CPU.Build.0 = Debug|Any CPU
		{124E7570-F6ED-4BD3-8367-B4132E0971DF}.Release|Any CPU.ActiveCfg = Release|Any CPU
		{124E7570-F6ED-4BD3-8367-B4132E0971DF}.Release|Any CPU.Build.0 = Release|Any CPU
		{FB5EBE68-F18C-4145-979F-CAD7C515CC0D}.Debug|Any CPU.ActiveCfg = Debug|Any CPU
		{FB5EBE68-F18C-4145-979F-CAD7C515CC0D}.Debug|Any CPU.Build.0 = Debug|Any CPU
		{FB5EBE68-F18C-4145-979F-CAD7C515CC0D}.Release|Any CPU.ActiveCfg = Release|Any CPU
		{FB5EBE68-F18C-4145-979F-CAD7C515CC0D}.Release|Any CPU.Build.0 = Release|Any CPU
		{F107AC60-8E0D-49A0-AA1D-A1AA53986833}.Debug|Any CPU.ActiveCfg = Debug|Any CPU
		{F107AC60-8E0D-49A0-AA1D-A1AA53986833}.Debug|Any CPU.Build.0 = Debug|Any CPU
		{F107AC60-8E0D-49A0-AA1D-A1AA53986833}.Release|Any CPU.ActiveCfg = Release|Any CPU
		{F107AC60-8E0D-49A0-AA1D-A1AA53986833}.Release|Any CPU.Build.0 = Release|Any CPU
		{8F5B5E50-7A6B-42B6-9F76-720B093BA15A}.Debug|Any CPU.ActiveCfg = Debug|Any CPU
		{8F5B5E50-7A6B-42B6-9F76-720B093BA15A}.Debug|Any CPU.Build.0 = Debug|Any CPU
		{8F5B5E50-7A6B-42B6-9F76-720B093BA15A}.Release|Any CPU.ActiveCfg = Release|Any CPU
		{8F5B5E50-7A6B-42B6-9F76-720B093BA15A}.Release|Any CPU.Build.0 = Release|Any CPU
		{62E1554A-A8ED-4DC1-A01D-807109A8293D}.Debug|Any CPU.ActiveCfg = Debug|Any CPU
		{62E1554A-A8ED-4DC1-A01D-807109A8293D}.Debug|Any CPU.Build.0 = Debug|Any CPU
		{62E1554A-A8ED-4DC1-A01D-807109A8293D}.Release|Any CPU.ActiveCfg = Release|Any CPU
		{62E1554A-A8ED-4DC1-A01D-807109A8293D}.Release|Any CPU.Build.0 = Release|Any CPU
	EndGlobalSection
	GlobalSection(SolutionProperties) = preSolution
		HideSolutionNode = FALSE
	EndGlobalSection
	GlobalSection(NestedProjects) = preSolution
		{8BF33434-48A9-464B-BFA7-D30F494AE5EC} = {EC01D72E-651D-45BA-9B8F-CAED1FA3EB08}
		{A9AE40FF-1A21-414A-9FE7-3BE13644CC6D} = {EC01D72E-651D-45BA-9B8F-CAED1FA3EB08}
		{8367F418-69FB-4545-A510-402B63BA7992} = {EC01D72E-651D-45BA-9B8F-CAED1FA3EB08}
		{FB5EBE68-F18C-4145-979F-CAD7C515CC0D} = {1BFADA45-DBDB-4284-B7E0-B01CD5D77F31}
		{8F5B5E50-7A6B-42B6-9F76-720B093BA15A} = {1BFADA45-DBDB-4284-B7E0-B01CD5D77F31}
		{8A51148D-7E52-44C1-B1CB-EDFDF1A3FF37} = {FAECD843-A671-4D20-8E5E-54FA866102F7}
		{E4AC2B24-094F-4645-B87E-5D380F7DBA09} = {FAECD843-A671-4D20-8E5E-54FA866102F7}
		{8A8CA0ED-E252-4A47-9682-E532C8A0EEC2} = {FAECD843-A671-4D20-8E5E-54FA866102F7}
		{9A58DFFC-8BB7-4192-A341-E5BFEB6A8BE6} = {FAECD843-A671-4D20-8E5E-54FA866102F7}
		{633B0067-ABA8-462B-8462-D205A5089AEC} = {FAECD843-A671-4D20-8E5E-54FA866102F7}
		{0DE8032D-B7EE-4378-B4E0-932435D5E770} = {FAECD843-A671-4D20-8E5E-54FA866102F7}
		{D949F515-B294-4F4E-AF96-238EF92C2960} = {D6F65EC1-F026-4B64-A273-F180C0610489}
		{124E7570-F6ED-4BD3-8367-B4132E0971DF} = {D6F65EC1-F026-4B64-A273-F180C0610489}
		{F107AC60-8E0D-49A0-AA1D-A1AA53986833} = {D6F65EC1-F026-4B64-A273-F180C0610489}
		{62E1554A-A8ED-4DC1-A01D-807109A8293D} = {D6F65EC1-F026-4B64-A273-F180C0610489}
	EndGlobalSection
	GlobalSection(ExtensibilityGlobals) = postSolution
		SolutionGuid = {16A67326-03AA-431D-BC2A-1E2731654BD8}
	EndGlobalSection
EndGlobal

